# Pinned dataset versions, managed by `dload pin`.
[datasets]
DN-LM-train = "4576c1679b3b0ba1b4b56232fa4a524c96bd8a84baa9c5af22b9f1221aa1bb4d"
DN-LM-valid = "f6e7038600b9b0e36743daacadfd36c5714b7cda71200668d8c612b001b0794c"
DREGON = "db39bcf762d0b2beb3433fc2760da6a55e078f8134f8bb074ee8bf985a5ffc03"
DREGON-LM-V2-train = "8a81bf7b7b5dc8a86178627b981786439d4430dcf43542d958817faf7de3d5df"
DREGON-LM-V2-valid = "1eb8384871be0325804e3eac58281151580c59c7d4ad147dabcf3e91ca654822"
DREGON-LM-V3-train = "b6c549e51b1ff912c6733031199251ccad9a4787477c9459d353f1bfffbdcf9b"
DREGON-LM-V3-valid = "ecf5b40815371ef315081f91c997ccacb23229d253d57ef869fc6d0e46bc076f"
DREGON-LM-V4-michaels-train = "d34491ac66c6542d265f317cffe9514a12941ae1f6b85c6c4e4aecc092a7c4e4"
DREGON-LM-V4-michaels-valid = "a793d5a676209e54ea94a8abbf5ab7c048a846779debc65e82ec1b59d15ac8d3"
DREGON-LM-V4-train = "4977b1636e883ff3e9a732d414082beaaee1ef3dfb529f1745e8d619a867b6d5"
DREGON-LM-V4-valid = "a9b95f6a7e3116522bbdfcad185dc0be6a9b2042eaf4cbf2dfad6fe69cc270eb"
DREGON-LM-rps_eval_long_samples = "23cec06d3d72393e0de87d73921d3839855aaf139565c26351a0ba7aebb13a2b"
DREGON-LM-rps_eval_specific_samples = "3a68a1c2292cbf459a601f469b5ba1a281ae78c8e55ef997acb5fd3eb39c9899"
DREGON-LM-rps_train_specific_samples = "e22bd2e76ce8b4314632547321470a59a403c34226daaddeab071475fc9971ca"
DREGON-LM-test-train = "dcd88f14236003d76015b4561501a621676fe5ce74b3d9e6adfbe27118b0e528"
DREGON-LM-test-valid = "1d4db5744f513e0a8f0c2d07ade91831ef7c28265d260ee60e5c5a326dc74098"
DREGON-LM-train = "2a2bbbbdcda16a527ada75a121b96e51a14a3626e9695c8e6595567498a02fee"
DREGON-LM-valid = "653b09a3c46214ab9b73f6e3d6cdcd35e3b4bd8f78423c2eaf6fa9ac7b46a636"
DREGON-frames = "60f0c3b7013fdbb5df17808e2242734b5393432518e27f2028a1d5b2d4820e2f"
drone_audio = "b6c77a68c55dedec11750a3784c10833e7db981fab6ef00380300a9e4d382b95"
librispeech = "fda9aad8dfb545c82752f33e8ff563feaee82f5f9ba7b50efafff4cd8ff73ae5"
michaels-frames = "a8eeb87e7de97b71dbc61f9d9e2b7f03090b316fbbd8585c04d7b13c34e0cab0"
music = "c5112a018810fd2dc2c0a1ca55e717d80cd54c2462f0378ff17501557f876d46"
new-drone-noises = "158b780aaaf27af03ed995707d8a93e62e3fce7246132b815d52cfc225dcc774"
recording_with_motor_speed = "5b7eab554710c3d83667085c8f5ca256322ec10e2cffae6002443f63b05257b4"
zenodo_drone_noises = "a5d0ed89df141780502eef5084bb722ec2d38b4418ff7d0a573dd26f2eea28c6"
